Microsoft Visual Studio Solution File, Format Version 8.00
Project("{20D4826A-C6FA-45DB-90F4-C717570B9F32}") = "MatrixGame", "MatrixGame.csdproj", "{E4A6DB92-8D4C-40F3-B48A-21529DA8C072}"
	ProjectSection(ProjectDependencies) = postProject
	EndProjectSection
EndProject
Global
	GlobalSection(SolutionConfiguration) = preSolution
		Debug = Debug
		Release = Release
	EndGlobalSection
	GlobalSection(ProjectConfiguration) = postSolution
		{E4A6DB92-8D4C-40F3-B48A-21529DA8C072}.Debug.ActiveCfg = Debug|Pocket PC
		{E4A6DB92-8D4C-40F3-B48A-21529DA8C072}.Debug.Build.0 = Debug|Pocket PC
		{E4A6DB92-8D4C-40F3-B48A-21529DA8C072}.Debug.Deploy.0 = Debug|Pocket PC
		{E4A6DB92-8D4C-40F3-B48A-21529DA8C072}.Release.ActiveCfg = Release|Pocket PC
		{E4A6DB92-8D4C-40F3-B48A-21529DA8C072}.Release.Build.0 = Release|Pocket PC
		{E4A6DB92-8D4C-40F3-B48A-21529DA8C072}.Release.Deploy.0 = Release|Pocket PC
	EndGlobalSection
	GlobalSection(ExtensibilityGlobals) = postSolution
	EndGlobalSection
	GlobalSection(ExtensibilityAddIns) = postSolution
	EndGlobalSection
EndGlobal
